<?xml version="1.0" encoding="utf-8"?>
<Project ToolsVersion="4.0" xmlns="http://schemas.microsoft.com/developer/msbuild/2003">
  <ItemGroup>
    <ClCompile Include="Application.cpp" />
    <ClCompile Include="AppWindow.cpp" />
    <ClCompile Include="pch.cpp" />
  </ItemGroup>
  <ItemGroup>
    <ClInclude Include="Application.h" />
    <ClInclude Include="AppWindow.h" />
    <ClInclude Include="Resources\Strings\Application.h">
      <Filter>Resources\Strings</Filter>
    </ClInclude>
    <ClInclude Include="pch.h" />
  </ItemGroup>
  <ItemGroup>
    <Filter Include="Resources">
      <UniqueIdentifier>{035d5ce0-9092-495b-918e-c4414e7e6dc3}</UniqueIdentifier>
    </Filter>
    <Filter Include="Resources\Icons">
      <UniqueIdentifier>{eaf29053-9c41-4e5a-ba29-ba6eb058e3a2}</UniqueIdentifier>
    </Filter>
    <Filter Include="Resources\Strings">
      <UniqueIdentifier>{9d7917bf-655e-40b2-9edb-0dfc6c3c0a3b}</UniqueIdentifier>
    </Filter>
  </ItemGroup>
  <ItemGroup>
    <ResourceCompile Include="Resources\Icons\Icons.rc">
      <Filter>Resources\Icons</Filter>
    </ResourceCompile>
  </ItemGroup>
  <ItemGroup>
    <Image Include="Resources\Icons\Stringify.ico">
      <Filter>Resources\Icons</Filter>
    </Image>
  </ItemGroup>
</Project>